
Microsoft Visual Studio Solution File, Format Version 12.00
# Visual Studio Version 17
VisualStudioVersion = 17.9.34622.214
MinimumVisualStudioVersion = 10.0.40219.1
Project("{FAE04EC0-301F-11D3-BF4B-00C04F79EFBC}") = "CalcuProgram_April08", "CalcuProgram_April08.csproj", "{5DE2D7F4-D1AF-426F-9882-07CC0EA91FB9}"
EndProject
Global
	GlobalSection(SolutionConfigurationPlatforms) = preSolution
		Debug|Any CPU = Debug|Any CPU
		Release|Any CPU = Release|Any CPU
	EndGlobalSection
	GlobalSection(ProjectConfigurationPlatforms) = postSolution
		{5DE2D7F4-D1AF-426F-9882-07CC0EA91FB9}.Debug|Any CPU.ActiveCfg = Debug|Any CPU
		{5DE2D7F4-D1AF-426F-9882-07CC0EA91FB9}.Debug|Any CPU.Build.0 = Debug|Any CPU
		{5DE2D7F4-D1AF-426F-9882-07CC0EA91FB9}.Release|Any CPU.ActiveCfg = Release|Any CPU
		{5DE2D7F4-D1AF-426F-9882-07CC0EA91FB9}.Release|Any CPU.Build.0 = Release|Any CPU
	EndGlobalSection
	GlobalSection(SolutionProperties) = preSolution
		HideSolutionNode = FALSE
	EndGlobalSection
	GlobalSection(ExtensibilityGlobals) = postSolution
		SolutionGuid = {92C49059-A62B-4309-B111-EAA813726D76}
	EndGlobalSection
EndGlobal
