
Microsoft Visual Studio Solution File, Format Version 12.00
# Visual Studio Version 17
VisualStudioVersion = 17.9.34622.214
MinimumVisualStudioVersion = 10.0.40219.1
Project("{FAE04EC0-301F-11D3-BF4B-00C04F79EFBC}") = "calcuconsole", "calcuconsole.csproj", "{BDEF87D7-E6E0-47E3-A4B6-20CA082BDC18}"
EndProject
Global
	GlobalSection(SolutionConfigurationPlatforms) = preSolution
		Debug|Any CPU = Debug|Any CPU
		Release|Any CPU = Release|Any CPU
	EndGlobalSection
	GlobalSection(ProjectConfigurationPlatforms) = postSolution
		{BDEF87D7-E6E0-47E3-A4B6-20CA082BDC18}.Debug|Any CPU.ActiveCfg = Debug|Any CPU
		{BDEF87D7-E6E0-47E3-A4B6-20CA082BDC18}.Debug|Any CPU.Build.0 = Debug|Any CPU
		{BDEF87D7-E6E0-47E3-A4B6-20CA082BDC18}.Release|Any CPU.ActiveCfg = Release|Any CPU
		{BDEF87D7-E6E0-47E3-A4B6-20CA082BDC18}.Release|Any CPU.Build.0 = Release|Any CPU
	EndGlobalSection
	GlobalSection(SolutionProperties) = preSolution
		HideSolutionNode = FALSE
	EndGlobalSection
	GlobalSection(ExtensibilityGlobals) = postSolution
		SolutionGuid = {80E5CBBF-858A-4DF4-80D5-55B18716E128}
	EndGlobalSection
EndGlobal
