
Microsoft Visual Studio Solution File, Format Version 12.00
# Visual Studio Version 17
VisualStudioVersion = 17.9.34701.34
MinimumVisualStudioVersion = 10.0.40219.1
Project("{9A19103F-16F7-4668-BE54-9A1E7A4F7556}") = "oop", "oop\oop.csproj", "{5E820D81-21B9-491F-A869-D587A6C3882A}"
EndProject
Project("{2150E333-8FDC-42A3-9474-1A3956D46DE8}") = "Assignment 1", "Assignment 1", "{34D7BD6B-F6BF-4DF3-81D1-EC80F94F5DC7}"
	ProjectSection(SolutionItems) = preProject
		oop\Assignment 1_Bergado.cs = oop\Assignment 1_Bergado.cs
	EndProjectSection
EndProject
Global
	GlobalSection(SolutionConfigurationPlatforms) = preSolution
		Debug|Any CPU = Debug|Any CPU
		Release|Any CPU = Release|Any CPU
	EndGlobalSection
	GlobalSection(ProjectConfigurationPlatforms) = postSolution
		{5E820D81-21B9-491F-A869-D587A6C3882A}.Debug|Any CPU.ActiveCfg = Debug|Any CPU
		{5E820D81-21B9-491F-A869-D587A6C3882A}.Debug|Any CPU.Build.0 = Debug|Any CPU
		{5E820D81-21B9-491F-A869-D587A6C3882A}.Release|Any CPU.ActiveCfg = Release|Any CPU
		{5E820D81-21B9-491F-A869-D587A6C3882A}.Release|Any CPU.Build.0 = Release|Any CPU
	EndGlobalSection
	GlobalSection(SolutionProperties) = preSolution
		HideSolutionNode = FALSE
	EndGlobalSection
	GlobalSection(ExtensibilityGlobals) = postSolution
		SolutionGuid = {C59909E4-B8F8-4251-A9A9-B24D7C64C5E8}
	EndGlobalSection
EndGlobal
