
Microsoft Visual Studio Solution File, Format Version 12.00
# Visual Studio Version 17
VisualStudioVersion = 17.9.34701.34
MinimumVisualStudioVersion = 10.0.40219.1
Project("{FAE04EC0-301F-11D3-BF4B-00C04F79EFBC}") = "CODING CHALLENGE", "CODING CHALLENGE.csproj", "{4BE62EE6-49BE-49FF-821D-48B1E147C646}"
EndProject
Global
	GlobalSection(SolutionConfigurationPlatforms) = preSolution
		Debug|Any CPU = Debug|Any CPU
		Release|Any CPU = Release|Any CPU
	EndGlobalSection
	GlobalSection(ProjectConfigurationPlatforms) = postSolution
		{4BE62EE6-49BE-49FF-821D-48B1E147C646}.Debug|Any CPU.ActiveCfg = Debug|Any CPU
		{4BE62EE6-49BE-49FF-821D-48B1E147C646}.Debug|Any CPU.Build.0 = Debug|Any CPU
		{4BE62EE6-49BE-49FF-821D-48B1E147C646}.Release|Any CPU.ActiveCfg = Release|Any CPU
		{4BE62EE6-49BE-49FF-821D-48B1E147C646}.Release|Any CPU.Build.0 = Release|Any CPU
	EndGlobalSection
	GlobalSection(SolutionProperties) = preSolution
		HideSolutionNode = FALSE
	EndGlobalSection
	GlobalSection(ExtensibilityGlobals) = postSolution
		SolutionGuid = {26D2FEF3-AF36-4AA1-8FEB-B92A08683A05}
	EndGlobalSection
EndGlobal
