
Microsoft Visual Studio Solution File, Format Version 12.00
# Visual Studio Version 17
VisualStudioVersion = 17.9.34701.34
MinimumVisualStudioVersion = 10.0.40219.1
Project("{FAE04EC0-301F-11D3-BF4B-00C04F79EFBC}") = "Coding Challenges", "Coding Challenges.csproj", "{4F179215-691B-4841-B6BA-5C1927CD65DD}"
EndProject
Global
	GlobalSection(SolutionConfigurationPlatforms) = preSolution
		Debug|Any CPU = Debug|Any CPU
		Release|Any CPU = Release|Any CPU
	EndGlobalSection
	GlobalSection(ProjectConfigurationPlatforms) = postSolution
		{4F179215-691B-4841-B6BA-5C1927CD65DD}.Debug|Any CPU.ActiveCfg = Debug|Any CPU
		{4F179215-691B-4841-B6BA-5C1927CD65DD}.Debug|Any CPU.Build.0 = Debug|Any CPU
		{4F179215-691B-4841-B6BA-5C1927CD65DD}.Release|Any CPU.ActiveCfg = Release|Any CPU
		{4F179215-691B-4841-B6BA-5C1927CD65DD}.Release|Any CPU.Build.0 = Release|Any CPU
	EndGlobalSection
	GlobalSection(SolutionProperties) = preSolution
		HideSolutionNode = FALSE
	EndGlobalSection
	GlobalSection(ExtensibilityGlobals) = postSolution
		SolutionGuid = {A70C016D-2F31-4863-8B26-429E0559AD88}
	EndGlobalSection
EndGlobal
