
Microsoft Visual Studio Solution File, Format Version 12.00
# Visual Studio Version 17
VisualStudioVersion = 17.9.34622.214
MinimumVisualStudioVersion = 10.0.40219.1
Project("{FAE04EC0-301F-11D3-BF4B-00C04F79EFBC}") = "CodingChallengeNo.1", "CodingChallengeNo.1.csproj", "{C31ABBF8-700D-4DE0-B504-3AA41CF5BC42}"
EndProject
Global
	GlobalSection(SolutionConfigurationPlatforms) = preSolution
		Debug|Any CPU = Debug|Any CPU
		Release|Any CPU = Release|Any CPU
	EndGlobalSection
	GlobalSection(ProjectConfigurationPlatforms) = postSolution
		{C31ABBF8-700D-4DE0-B504-3AA41CF5BC42}.Debug|Any CPU.ActiveCfg = Debug|Any CPU
		{C31ABBF8-700D-4DE0-B504-3AA41CF5BC42}.Debug|Any CPU.Build.0 = Debug|Any CPU
		{C31ABBF8-700D-4DE0-B504-3AA41CF5BC42}.Release|Any CPU.ActiveCfg = Release|Any CPU
		{C31ABBF8-700D-4DE0-B504-3AA41CF5BC42}.Release|Any CPU.Build.0 = Release|Any CPU
	EndGlobalSection
	GlobalSection(SolutionProperties) = preSolution
		HideSolutionNode = FALSE
	EndGlobalSection
	GlobalSection(ExtensibilityGlobals) = postSolution
		SolutionGuid = {AD9D45BA-C9FC-4845-96A5-9F0642580B7B}
	EndGlobalSection
EndGlobal
